
Microsoft Visual Studio Solution File, Format Version 12.00
# Visual Studio Version 17
VisualStudioVersion = 17.14.36109.1
MinimumVisualStudioVersion = 10.0.40219.1
Project("{FAE04EC0-301F-11D3-BF4B-00C04F79EFBC}") = "Form11", "..\..\..\OneDrive - Universidad Federico Henríquez y Carvajal (UFHEC)\Escritorio\Form11\Form11.csproj", "{4387C88F-86AA-B67B-3B8D-6BD1C32A2D75}"
EndProject
Project("{FAE04EC0-301F-11D3-BF4B-00C04F79EFBC}") = "Form16", "Form16\Form16.csproj", "{C257CF0B-72FA-DBA4-2218-CEEFF30198B6}"
EndProject
Project("{FAE04EC0-301F-11D3-BF4B-00C04F79EFBC}") = "Form15", "Form15\Form15.csproj", "{F81CD126-D3EC-9866-6155-611DABC9059D}"
EndProject
Project("{FAE04EC0-301F-11D3-BF4B-00C04F79EFBC}") = "Form14", "Form14\Form14.csproj", "{3D64BFB0-C5A0-4371-587D-7EC80548F787}"
EndProject
Project("{FAE04EC0-301F-11D3-BF4B-00C04F79EFBC}") = "Form13", "Form13\Form13.csproj", "{F2103617-4DB5-1609-8EA8-8BCAAFDD016A}"
EndProject
Project("{FAE04EC0-301F-11D3-BF4B-00C04F79EFBC}") = "Form12", "Form12\Form12.csproj", "{DE26CE15-FACD-9FEF-BB52-817B361FD7E0}"
EndProject
Project("{FAE04EC0-301F-11D3-BF4B-00C04F79EFBC}") = "Form10", "Form10\Form10.csproj", "{D3C10221-5CC3-A9A7-A22E-6C12FDD6666D}"
EndProject
Project("{FAE04EC0-301F-11D3-BF4B-00C04F79EFBC}") = "Form9", "Form9\Form9.csproj", "{513ECFEC-9FC5-EBD9-78C6-D8738EB82713}"
EndProject
Project("{FAE04EC0-301F-11D3-BF4B-00C04F79EFBC}") = "Form8", "Form8\Form8.csproj", "{C4A4607F-D266-78EA-48E5-5D8E9C355621}"
EndProject
Project("{FAE04EC0-301F-11D3-BF4B-00C04F79EFBC}") = "Form7", "Form7\Form7.csproj", "{0826E3F3-28A8-D478-FBFE-F86515BE7EF8}"
EndProject
Project("{FAE04EC0-301F-11D3-BF4B-00C04F79EFBC}") = "Form6", "Form6\Form6.csproj", "{C23E3339-DE79-D769-B4E0-2FDFFCE8B0BF}"
EndProject
Project("{FAE04EC0-301F-11D3-BF4B-00C04F79EFBC}") = "Form5", "Form5\Form5.csproj", "{26DE7540-5488-E1C3-AAD4-77500D412005}"
EndProject
Project("{FAE04EC0-301F-11D3-BF4B-00C04F79EFBC}") = "Form3", "Form3\Form3.csproj", "{0B877F9B-706C-EE61-D2E6-2E6073FCC49A}"
EndProject
Project("{FAE04EC0-301F-11D3-BF4B-00C04F79EFBC}") = "Form2", "Form2\Form2.csproj", "{1E8C629B-E270-357E-0668-2AEDC120D6B4}"
EndProject
Project("{FAE04EC0-301F-11D3-BF4B-00C04F79EFBC}") = "Form1", "Fomr1\Form1.csproj", "{2E445575-D724-4CCB-B1BF-A50E10CD5B49}"
EndProject
Project("{FAE04EC0-301F-11D3-BF4B-00C04F79EFBC}") = "Form4", "Form4\Form4.csproj", "{5ABA9D36-9A13-4FA0-9E2D-126397BE8F1C}"
EndProject
Global
	GlobalSection(SolutionConfigurationPlatforms) = preSolution
		Debug|Any CPU = Debug|Any CPU
		Release|Any CPU = Release|Any CPU
	EndGlobalSection
	GlobalSection(ProjectConfigurationPlatforms) = postSolution
		{4387C88F-86AA-B67B-3B8D-6BD1C32A2D75}.Debug|Any CPU.ActiveCfg = Debug|Any CPU
		{4387C88F-86AA-B67B-3B8D-6BD1C32A2D75}.Debug|Any CPU.Build.0 = Debug|Any CPU
		{4387C88F-86AA-B67B-3B8D-6BD1C32A2D75}.Release|Any CPU.ActiveCfg = Release|Any CPU
		{4387C88F-86AA-B67B-3B8D-6BD1C32A2D75}.Release|Any CPU.Build.0 = Release|Any CPU
		{C257CF0B-72FA-DBA4-2218-CEEFF30198B6}.Debug|Any CPU.ActiveCfg = Debug|Any CPU
		{C257CF0B-72FA-DBA4-2218-CEEFF30198B6}.Debug|Any CPU.Build.0 = Debug|Any CPU
		{C257CF0B-72FA-DBA4-2218-CEEFF30198B6}.Release|Any CPU.ActiveCfg = Release|Any CPU
		{C257CF0B-72FA-DBA4-2218-CEEFF30198B6}.Release|Any CPU.Build.0 = Release|Any CPU
		{F81CD126-D3EC-9866-6155-611DABC9059D}.Debug|Any CPU.ActiveCfg = Debug|Any CPU
		{F81CD126-D3EC-9866-6155-611DABC9059D}.Debug|Any CPU.Build.0 = Debug|Any CPU
		{F81CD126-D3EC-9866-6155-611DABC9059D}.Release|Any CPU.ActiveCfg = Release|Any CPU
		{F81CD126-D3EC-9866-6155-611DABC9059D}.Release|Any CPU.Build.0 = Release|Any CPU
		{3D64BFB0-C5A0-4371-587D-7EC80548F787}.Debug|Any CPU.ActiveCfg = Debug|Any CPU
		{3D64BFB0-C5A0-4371-587D-7EC80548F787}.Debug|Any CPU.Build.0 = Debug|Any CPU
		{3D64BFB0-C5A0-4371-587D-7EC80548F787}.Release|Any CPU.ActiveCfg = Release|Any CPU
		{3D64BFB0-C5A0-4371-587D-7EC80548F787}.Release|Any CPU.Build.0 = Release|Any CPU
		{F2103617-4DB5-1609-8EA8-8BCAAFDD016A}.Debug|Any CPU.ActiveCfg = Debug|Any CPU
		{F2103617-4DB5-1609-8EA8-8BCAAFDD016A}.Debug|Any CPU.Build.0 = Debug|Any CPU
		{F2103617-4DB5-1609-8EA8-8BCAAFDD016A}.Release|Any CPU.ActiveCfg = Release|Any CPU
		{F2103617-4DB5-1609-8EA8-8BCAAFDD016A}.Release|Any CPU.Build.0 = Release|Any CPU
		{DE26CE15-FACD-9FEF-BB52-817B361FD7E0}.Debug|Any CPU.ActiveCfg = Debug|Any CPU
		{DE26CE15-FACD-9FEF-BB52-817B361FD7E0}.Debug|Any CPU.Build.0 = Debug|Any CPU
		{DE26CE15-FACD-9FEF-BB52-817B361FD7E0}.Release|Any CPU.ActiveCfg = Release|Any CPU
		{DE26CE15-FACD-9FEF-BB52-817B361FD7E0}.Release|Any CPU.Build.0 = Release|Any CPU
		{D3C10221-5CC3-A9A7-A22E-6C12FDD6666D}.Debug|Any CPU.ActiveCfg = Debug|Any CPU
		{D3C10221-5CC3-A9A7-A22E-6C12FDD6666D}.Debug|Any CPU.Build.0 = Debug|Any CPU
		{D3C10221-5CC3-A9A7-A22E-6C12FDD6666D}.Release|Any CPU.ActiveCfg = Release|Any CPU
		{D3C10221-5CC3-A9A7-A22E-6C12FDD6666D}.Release|Any CPU.Build.0 = Release|Any CPU
		{513ECFEC-9FC5-EBD9-78C6-D8738EB82713}.Debug|Any CPU.ActiveCfg = Debug|Any CPU
		{513ECFEC-9FC5-EBD9-78C6-D8738EB82713}.Debug|Any CPU.Build.0 = Debug|Any CPU
		{513ECFEC-9FC5-EBD9-78C6-D8738EB82713}.Release|Any CPU.ActiveCfg = Release|Any CPU
		{513ECFEC-9FC5-EBD9-78C6-D8738EB82713}.Release|Any CPU.Build.0 = Release|Any CPU
		{C4A4607F-D266-78EA-48E5-5D8E9C355621}.Debug|Any CPU.ActiveCfg = Debug|Any CPU
		{C4A4607F-D266-78EA-48E5-5D8E9C355621}.Debug|Any CPU.Build.0 = Debug|Any CPU
		{C4A4607F-D266-78EA-48E5-5D8E9C355621}.Release|Any CPU.ActiveCfg = Release|Any CPU
		{C4A4607F-D266-78EA-48E5-5D8E9C355621}.Release|Any CPU.Build.0 = Release|Any CPU
		{0826E3F3-28A8-D478-FBFE-F86515BE7EF8}.Debug|Any CPU.ActiveCfg = Debug|Any CPU
		{0826E3F3-28A8-D478-FBFE-F86515BE7EF8}.Debug|Any CPU.Build.0 = Debug|Any CPU
		{0826E3F3-28A8-D478-FBFE-F86515BE7EF8}.Release|Any CPU.ActiveCfg = Release|Any CPU
		{0826E3F3-28A8-D478-FBFE-F86515BE7EF8}.Release|Any CPU.Build.0 = Release|Any CPU
		{C23E3339-DE79-D769-B4E0-2FDFFCE8B0BF}.Debug|Any CPU.ActiveCfg = Debug|Any CPU
		{C23E3339-DE79-D769-B4E0-2FDFFCE8B0BF}.Debug|Any CPU.Build.0 = Debug|Any CPU
		{C23E3339-DE79-D769-B4E0-2FDFFCE8B0BF}.Release|Any CPU.ActiveCfg = Release|Any CPU
		{C23E3339-DE79-D769-B4E0-2FDFFCE8B0BF}.Release|Any CPU.Build.0 = Release|Any CPU
		{26DE7540-5488-E1C3-AAD4-77500D412005}.Debug|Any CPU.ActiveCfg = Debug|Any CPU
		{26DE7540-5488-E1C3-AAD4-77500D412005}.Debug|Any CPU.Build.0 = Debug|Any CPU
		{26DE7540-5488-E1C3-AAD4-77500D412005}.Release|Any CPU.ActiveCfg = Release|Any CPU
		{26DE7540-5488-E1C3-AAD4-77500D412005}.Release|Any CPU.Build.0 = Release|Any CPU
		{0B877F9B-706C-EE61-D2E6-2E6073FCC49A}.Debug|Any CPU.ActiveCfg = Debug|Any CPU
		{0B877F9B-706C-EE61-D2E6-2E6073FCC49A}.Debug|Any CPU.Build.0 = Debug|Any CPU
		{0B877F9B-706C-EE61-D2E6-2E6073FCC49A}.Release|Any CPU.ActiveCfg = Release|Any CPU
		{0B877F9B-706C-EE61-D2E6-2E6073FCC49A}.Release|Any CPU.Build.0 = Release|Any CPU
		{1E8C629B-E270-357E-0668-2AEDC120D6B4}.Debug|Any CPU.ActiveCfg = Debug|Any CPU
		{1E8C629B-E270-357E-0668-2AEDC120D6B4}.Debug|Any CPU.Build.0 = Debug|Any CPU
		{1E8C629B-E270-357E-0668-2AEDC120D6B4}.Release|Any CPU.ActiveCfg = Release|Any CPU
		{1E8C629B-E270-357E-0668-2AEDC120D6B4}.Release|Any CPU.Build.0 = Release|Any CPU
		{2E445575-D724-4CCB-B1BF-A50E10CD5B49}.Debug|Any CPU.ActiveCfg = Debug|Any CPU
		{2E445575-D724-4CCB-B1BF-A50E10CD5B49}.Debug|Any CPU.Build.0 = Debug|Any CPU
		{2E445575-D724-4CCB-B1BF-A50E10CD5B49}.Release|Any CPU.ActiveCfg = Release|Any CPU
		{2E445575-D724-4CCB-B1BF-A50E10CD5B49}.Release|Any CPU.Build.0 = Release|Any CPU
		{5ABA9D36-9A13-4FA0-9E2D-126397BE8F1C}.Debug|Any CPU.ActiveCfg = Debug|Any CPU
		{5ABA9D36-9A13-4FA0-9E2D-126397BE8F1C}.Debug|Any CPU.Build.0 = Debug|Any CPU
		{5ABA9D36-9A13-4FA0-9E2D-126397BE8F1C}.Release|Any CPU.ActiveCfg = Release|Any CPU
		{5ABA9D36-9A13-4FA0-9E2D-126397BE8F1C}.Release|Any CPU.Build.0 = Release|Any CPU
	EndGlobalSection
	GlobalSection(SolutionProperties) = preSolution
		HideSolutionNode = FALSE
	EndGlobalSection
	GlobalSection(ExtensibilityGlobals) = postSolution
		SolutionGuid = {0FB32808-369F-46E6-AAB9-191B8AEEF8A6}
	EndGlobalSection
EndGlobal
